
Microsoft Visual Studio Solution File, Format Version 12.00
# Visual Studio Version 17
VisualStudioVersion = 17.9.34728.123
MinimumVisualStudioVersion = 10.0.40219.1
Project("{9A19103F-16F7-4668-BE54-9A1E7A4F7556}") = "JiraWorklogFetcher", "JiraWorklogFetcher\JiraWorklogFetcher.csproj", "{DEA29A14-D3F0-43AB-8F32-91C289845288}"
EndProject
Global
	GlobalSection(SolutionConfigurationPlatforms) = preSolution
		Debug|Any CPU = Debug|Any CPU
		Release|Any CPU = Release|Any CPU
	EndGlobalSection
	GlobalSection(ProjectConfigurationPlatforms) = postSolution
		{DEA29A14-D3F0-43AB-8F32-91C289845288}.Debug|Any CPU.ActiveCfg = Debug|Any CPU
		{DEA29A14-D3F0-43AB-8F32-91C289845288}.Debug|Any CPU.Build.0 = Debug|Any CPU
		{DEA29A14-D3F0-43AB-8F32-91C289845288}.Release|Any CPU.ActiveCfg = Release|Any CPU
		{DEA29A14-D3F0-43AB-8F32-91C289845288}.Release|Any CPU.Build.0 = Release|Any CPU
	EndGlobalSection
	GlobalSection(SolutionProperties) = preSolution
		HideSolutionNode = FALSE
	EndGlobalSection
	GlobalSection(ExtensibilityGlobals) = postSolution
		SolutionGuid = {C3C7692F-F8A6-4DA7-8BBD-BA5BA7E53830}
	EndGlobalSection
EndGlobal
